// !$*UTF8*$!
{
	archiveVersion = 1;
	classes = {
	};
	objectVersion = 46;
	objects = {

/* Begin PBXBuildFile section */
		D5C6B03919E9FEB8004D2B52 /* AppDelegate.swift in Sources */ = {isa = PBXBuildFile; fileRef = D5C6B03819E9FEB8004D2B52 /* AppDelegate.swift */; };
		D5C6B03B19E9FEB8004D2B52 /* TabBarViewController.swift in Sources */ = {isa = PBXBuildFile; fileRef = D5C6B03A19E9FEB8004D2B52 /* TabBarViewController.swift */; };
		D5C6B03E19E9FEB8004D2B52 /* Main.storyboard in Resources */ = {isa = PBXBuildFile; fileRef = D5C6B03C19E9FEB8004D2B52 /* Main.storyboard */; };
		D5C6B04019E9FEB8004D2B52 /* Images.xcassets in Resources */ = {isa = PBXBuildFile; fileRef = D5C6B03F19E9FEB8004D2B52 /* Images.xcassets */; };
		D5C6B04319E9FEB8004D2B52 /* LaunchScreen.xib in Resources */ = {isa = PBXBuildFile; fileRef = D5C6B04119E9FEB8004D2B52 /* LaunchScreen.xib */; };
		D5C6B04F19E9FEB8004D2B52 /* TumblrSwiftTests.swift in Sources */ = {isa = PBXBuildFile; fileRef = D5C6B04E19E9FEB8004D2B52 /* TumblrSwiftTests.swift */; };
		D5C6B05919EA2C7B004D2B52 /* HomeViewController.swift in Sources */ = {isa = PBXBuildFile; fileRef = D5C6B05819EA2C7B004D2B52 /* HomeViewController.swift */; };
		D5C6B05B19EA2CF8004D2B52 /* SearchViewController.swift in Sources */ = {isa = PBXBuildFile; fileRef = D5C6B05A19EA2CF8004D2B52 /* SearchViewController.swift */; };
		D5C6B05D19EA2EBB004D2B52 /* ComposeViewController.swift in Sources */ = {isa = PBXBuildFile; fileRef = D5C6B05C19EA2EBB004D2B52 /* ComposeViewController.swift */; };
		D5C6B05F19EA2EE8004D2B52 /* AccountViewController.swift in Sources */ = {isa = PBXBuildFile; fileRef = D5C6B05E19EA2EE8004D2B52 /* AccountViewController.swift */; };
		D5C6B06119EA2F81004D2B52 /* TrendingViewController.swift in Sources */ = {isa = PBXBuildFile; fileRef = D5C6B06019EA2F81004D2B52 /* TrendingViewController.swift */; };
/* End PBXBuildFile section */

/* Begin PBXContainerItemProxy section */
		D5C6B04919E9FEB8004D2B52 /* PBXContainerItemProxy */ = {
			isa = PBXContainerItemProxy;
			containerPortal = D5C6B02B19E9FEB8004D2B52 /* Project object */;
			proxyType = 1;
			remoteGlobalIDString = D5C6B03219E9FEB8004D2B52;
			remoteInfo = TumblrSwift;
		};
/* End PBXContainerItemProxy section */

/* Begin PBXFileReference section */
		D5C6B03319E9FEB8004D2B52 /* TumblrSwift.app */ = {isa = PBXFileReference; explicitFileType = wrapper.application; includeInIndex = 0; path = TumblrSwift.app; sourceTree = BUILT_PRODUCTS_DIR; };
		D5C6B03719E9FEB8004D2B52 /* Info.plist */ = {isa = PBXFileReference; lastKnownFileType = text.plist.xml; path = Info.plist; sourceTree = "<group>"; };
		D5C6B03819E9FEB8004D2B52 /* AppDelegate.swift */ = {isa = PBXFileReference; lastKnownFileType = sourcecode.swift; path = AppDelegate.swift; sourceTree = "<group>"; };
		D5C6B03A19E9FEB8004D2B52 /* TabBarViewController.swift */ = {isa = PBXFileReference; lastKnownFileType = sourcecode.swift; path = TabBarViewController.swift; sourceTree = "<group>"; };
		D5C6B03D19E9FEB8004D2B52 /* Base */ = {isa = PBXFileReference; lastKnownFileType = file.storyboard; name = Base; path = Base.lproj/Main.storyboard; sourceTree = "<group>"; };
		D5C6B03F19E9FEB8004D2B52 /* Images.xcassets */ = {isa = PBXFileReference; lastKnownFileType = folder.assetcatalog; path = Images.xcassets; sourceTree = "<group>"; };
		D5C6B04219E9FEB8004D2B52 /* Base */ = {isa = PBXFileReference; lastKnownFileType = file.xib; name = Base; path = Base.lproj/LaunchScreen.xib; sourceTree = "<group>"; };
		D5C6B04819E9FEB8004D2B52 /* TumblrSwiftTests.xctest */ = {isa = PBXFileReference; explicitFileType = wrapper.cfbundle; includeInIndex = 0; path = TumblrSwiftTests.xctest; sourceTree = BUILT_PRODUCTS_DIR; };
		D5C6B04D19E9FEB8004D2B52 /* Info.plist */ = {isa = PBXFileReference; lastKnownFileType = text.plist.xml; path = Info.plist; sourceTree = "<group>"; };
		D5C6B04E19E9FEB8004D2B52 /* TumblrSwiftTests.swift */ = {isa = PBXFileReference; lastKnownFileType = sourcecode.swift; path = TumblrSwiftTests.swift; sourceTree = "<group>"; };
		D5C6B05819EA2C7B004D2B52 /* HomeViewController.swift */ = {isa = PBXFileReference; fileEncoding = 4; lastKnownFileType = sourcecode.swift; path = HomeViewController.swift; sourceTree = "<group>"; };
		D5C6B05A19EA2CF8004D2B52 /* SearchViewController.swift */ = {isa = PBXFileReference; fileEncoding = 4; lastKnownFileType = sourcecode.swift; path = SearchViewController.swift; sourceTree = "<group>"; };
		D5C6B05C19EA2EBB004D2B52 /* ComposeViewController.swift */ = {isa = PBXFileReference; fileEncoding = 4; lastKnownFileType = sourcecode.swift; path = ComposeViewController.swift; sourceTree = "<group>"; };
		D5C6B05E19EA2EE8004D2B52 /* AccountViewController.swift */ = {isa = PBXFileReference; fileEncoding = 4; lastKnownFileType = sourcecode.swift; path = AccountViewController.swift; sourceTree = "<group>"; };
		D5C6B06019EA2F81004D2B52 /* TrendingViewController.swift */ = {isa = PBXFileReference; fileEncoding = 4; lastKnownFileType = sourcecode.swift; path = TrendingViewController.swift; sourceTree = "<group>"; };
/* End PBXFileReference section */

/* Begin PBXFrameworksBuildPhase section */
		D5C6B03019E9FEB8004D2B52 /* Frameworks */ = {
			isa = PBXFrameworksBuildPhase;
			buildActionMask = 2147483647;
			files = (
			);
			runOnlyForDeploymentPostprocessing = 0;
		};
		D5C6B04519E9FEB8004D2B52 /* Frameworks */ = {
			isa = PBXFrameworksBuildPhase;
			buildActionMask = 2147483647;
			files = (
			);
			runOnlyForDeploymentPostprocessing = 0;
		};
/* End PBXFrameworksBuildPhase section */

/* Begin PBXGroup section */
		D5C6B02A19E9FEB8004D2B52 = {
			isa = PBXGroup;
			children = (
				D5C6B03519E9FEB8004D2B52 /* TumblrSwift */,
				D5C6B04B19E9FEB8004D2B52 /* TumblrSwiftTests */,
				D5C6B03419E9FEB8004D2B52 /* Products */,
			);
			sourceTree = "<group>";
		};
		D5C6B03419E9FEB8004D2B52 /* Products */ = {
			isa = PBXGroup;
			children = (
				D5C6B03319E9FEB8004D2B52 /* TumblrSwift.app */,
				D5C6B04819E9FEB8004D2B52 /* TumblrSwiftTests.xctest */,
			);
			name = Products;
			sourceTree = "<group>";
		};
		D5C6B03519E9FEB8004D2B52 /* TumblrSwift */ = {
			isa = PBXGroup;
			children = (
				D5C6B03819E9FEB8004D2B52 /* AppDelegate.swift */,
				D5C6B03C19E9FEB8004D2B52 /* Main.storyboard */,
				D5C6B03A19E9FEB8004D2B52 /* TabBarViewController.swift */,
				D5C6B06019EA2F81004D2B52 /* TrendingViewController.swift */,
				D5C6B05E19EA2EE8004D2B52 /* AccountViewController.swift */,
				D5C6B05C19EA2EBB004D2B52 /* ComposeViewController.swift */,
				D5C6B05A19EA2CF8004D2B52 /* SearchViewController.swift */,
				D5C6B05819EA2C7B004D2B52 /* HomeViewController.swift */,
				D5C6B03F19E9FEB8004D2B52 /* Images.xcassets */,
				D5C6B04119E9FEB8004D2B52 /* LaunchScreen.xib */,
				D5C6B03619E9FEB8004D2B52 /* Supporting Files */,
			);
			path = TumblrSwift;
			sourceTree = "<group>";
		};
		D5C6B03619E9FEB8004D2B52 /* Supporting Files */ = {
			isa = PBXGroup;
			children = (
				D5C6B03719E9FEB8004D2B52 /* Info.plist */,
			);
			name = "Supporting Files";
			sourceTree = "<group>";
		};
		D5C6B04B19E9FEB8004D2B52 /* TumblrSwiftTests */ = {
			isa = PBXGroup;
			children = (
				D5C6B04E19E9FEB8004D2B52 /* TumblrSwiftTests.swift */,
				D5C6B04C19E9FEB8004D2B52 /* Supporting Files */,
			);
			path = TumblrSwiftTests;
			sourceTree = "<group>";
		};
		D5C6B04C19E9FEB8004D2B52 /* Supporting Files */ = {
			isa = PBXGroup;
			children = (
				D5C6B04D19E9FEB8004D2B52 /* Info.plist */,
			);
			name = "Supporting Files";
			sourceTree = "<group>";
		};
/* End PBXGroup section */

/* Begin PBXNativeTarget section */
		D5C6B03219E9FEB8004D2B52 /* TumblrSwift */ = {
			isa = PBXNativeTarget;
			buildConfigurationList = D5C6B05219E9FEB8004D2B52 /* Build configuration list for PBXNativeTarget "TumblrSwift" */;
			buildPhases = (
				D5C6B02F19E9FEB8004D2B52 /* Sources */,
				D5C6B03019E9FEB8004D2B52 /* Frameworks */,
				D5C6B03119E9FEB8004D2B52 /* Resources */,
			);
			buildRules = (
			);
			dependencies = (
			);
			name = TumblrSwift;
			productName = TumblrSwift;
			productReference = D5C6B03319E9FEB8004D2B52 /* TumblrSwift.app */;
			productType = "com.apple.product-type.application";
		};
		D5C6B04719E9FEB8004D2B52 /* TumblrSwiftTests */ = {
			isa = PBXNativeTarget;
			buildConfigurationList = D5C6B05519E9FEB8004D2B52 /* Build configuration list for PBXNativeTarget "TumblrSwiftTests" */;
			buildPhases = (
				D5C6B04419E9FEB8004D2B52 /* Sources */,
				D5C6B04519E9FEB8004D2B52 /* Frameworks */,
				D5C6B04619E9FEB8004D2B52 /* Resources */,
			);
			buildRules = (
			);
			dependencies = (
				D5C6B04A19E9FEB8004D2B52 /* PBXTargetDependency */,
			);
			name = TumblrSwiftTests;
			productName = TumblrSwiftTests;
			productReference = D5C6B04819E9FEB8004D2B52 /* TumblrSwiftTests.xctest */;
			productType = "com.apple.product-type.bundle.unit-test";
		};
/* End PBXNativeTarget section */

/* Begin PBXProject section */
		D5C6B02B19E9FEB8004D2B52 /* Project object */ = {
			isa = PBXProject;
			attributes = {
				LastUpgradeCheck = 0600;
				ORGANIZATIONNAME = MichaelWEllison;
				TargetAttributes = {
					D5C6B03219E9FEB8004D2B52 = {
						CreatedOnToolsVersion = 6.0;
					};
					D5C6B04719E9FEB8004D2B52 = {
						CreatedOnToolsVersion = 6.0;
						TestTargetID = D5C6B03219E9FEB8004D2B52;
					};
				};
			};
			buildConfigurationList = D5C6B02E19E9FEB8004D2B52 /* Build configuration list for PBXProject "TumblrSwift" */;
			compatibilityVersion = "Xcode 3.2";
			developmentRegion = English;
			hasScannedForEncodings = 0;
			knownRegions = (
				en,
				Base,
			);
			mainGroup = D5C6B02A19E9FEB8004D2B52;
			productRefGroup = D5C6B03419E9FEB8004D2B52 /* Products */;
			projectDirPath = "";
			projectRoot = "";
			targets = (
				D5C6B03219E9FEB8004D2B52 /* TumblrSwift */,
				D5C6B04719E9FEB8004D2B52 /* TumblrSwiftTests */,
			);
		};
/* End PBXProject section */

/* Begin PBXResourcesBuildPhase section */
		D5C6B03119E9FEB8004D2B52 /* Resources */ = {
			isa = PBXResourcesBuildPhase;
			buildActionMask = 2147483647;
			files = (
				D5C6B03E19E9FEB8004D2B52 /* Main.storyboard in Resources */,
				D5C6B04319E9FEB8004D2B52 /* LaunchScreen.xib in Resources */,
				D5C6B04019E9FEB8004D2B52 /* Images.xcassets in Resources */,
			);
			runOnlyForDeploymentPostprocessing = 0;
		};
		D5C6B04619E9FEB8004D2B52 /* Resources */ = {
			isa = PBXResourcesBuildPhase;
			buildActionMask = 2147483647;
			files = (
			);
			runOnlyForDeploymentPostprocessing = 0;
		};
/* End PBXResourcesBuildPhase section */

/* Begin PBXSourcesBuildPhase section */
		D5C6B02F19E9FEB8004D2B52 /* Sources */ = {
			isa = PBXSourcesBuildPhase;
			buildActionMask = 2147483647;
			files = (
				D5C6B06119EA2F81004D2B52 /* TrendingViewController.swift in Sources */,
				D5C6B05D19EA2EBB004D2B52 /* ComposeViewController.swift in Sources */,
				D5C6B03B19E9FEB8004D2B52 /* TabBarViewController.swift in Sources */,
				D5C6B05F19EA2EE8004D2B52 /* AccountViewController.swift in Sources */,
				D5C6B03919E9FEB8004D2B52 /* AppDelegate.swift in Sources */,
				D5C6B05B19EA2CF8004D2B52 /* SearchViewController.swift in Sources */,
				D5C6B05919EA2C7B004D2B52 /* HomeViewController.swift in Sources */,
			);
			runOnlyForDeploymentPostprocessing = 0;
		};
		D5C6B04419E9FEB8004D2B52 /* Sources */ = {
			isa = PBXSourcesBuildPhase;
			buildActionMask = 2147483647;
			files = (
				D5C6B04F19E9FEB8004D2B52 /* TumblrSwiftTests.swift in Sources */,
			);
			runOnlyForDeploymentPostprocessing = 0;
		};
/* End PBXSourcesBuildPhase section */

/* Begin PBXTargetDependency section */
		D5C6B04A19E9FEB8004D2B52 /* PBXTargetDependency */ = {
			isa = PBXTargetDependency;
			target = D5C6B03219E9FEB8004D2B52 /* TumblrSwift */;
			targetProxy = D5C6B04919E9FEB8004D2B52 /* PBXContainerItemProxy */;
		};
/* End PBXTargetDependency section */

/* Begin PBXVariantGroup section */
		D5C6B03C19E9FEB8004D2B52 /* Main.storyboard */ = {
			isa = PBXVariantGroup;
			children = (
				D5C6B03D19E9FEB8004D2B52 /* Base */,
			);
			name = Main.storyboard;
			sourceTree = "<group>";
		};
		D5C6B04119E9FEB8004D2B52 /* LaunchScreen.xib */ = {
			isa = PBXVariantGroup;
			children = (
				D5C6B04219E9FEB8004D2B52 /* Base */,
			);
			name = LaunchScreen.xib;
			sourceTree = "<group>";
		};
/* End PBXVariantGroup section */

/* Begin XCBuildConfiguration section */
		D5C6B05019E9FEB8004D2B52 /* Debug */ = {
			isa = XCBuildConfiguration;
			buildSettings = {
				ALWAYS_SEARCH_USER_PATHS = NO;
				CLANG_CXX_LANGUAGE_STANDARD = "gnu++0x";
				CLANG_CXX_LIBRARY = "libc++";
				CLANG_ENABLE_MODULES = YES;
				CLANG_ENABLE_OBJC_ARC = YES;
				CLANG_WARN_BOOL_CONVERSION = YES;
				CLANG_WARN_CONSTANT_CONVERSION = YES;
				CLANG_WARN_DIRECT_OBJC_ISA_USAGE = YES_ERROR;
				CLANG_WARN_EMPTY_BODY = YES;
				CLANG_WARN_ENUM_CONVERSION = YES;
				CLANG_WARN_INT_CONVERSION = YES;
				CLANG_WARN_OBJC_ROOT_CLASS = YES_ERROR;
				CLANG_WARN_UNREACHABLE_CODE = YES;
				CLANG_WARN__DUPLICATE_METHOD_MATCH = YES;
				"CODE_SIGN_IDENTITY[sdk=iphoneos*]" = "iPhone Developer";
				COPY_PHASE_STRIP = NO;
				ENABLE_STRICT_OBJC_MSGSEND = YES;
				GCC_C_LANGUAGE_STANDARD = gnu99;
				GCC_DYNAMIC_NO_PIC = NO;
				GCC_OPTIMIZATION_LEVEL = 0;
				GCC_PREPROCESSOR_DEFINITIONS = (
					"DEBUG=1",
					"$(inherited)",
				);
				GCC_SYMBOLS_PRIVATE_EXTERN = NO;
				GCC_WARN_64_TO_32_BIT_CONVERSION = YES;
				GCC_WARN_ABOUT_RETURN_TYPE = YES_ERROR;
				GCC_WARN_UNDECLARED_SELECTOR = YES;
				GCC_WARN_UNINITIALIZED_AUTOS = YES_AGGRESSIVE;
				GCC_WARN_UNUSED_FUNCTION = YES;
				GCC_WARN_UNUSED_VARIABLE = YES;
				IPHONEOS_DEPLOYMENT_TARGET = 8.0;
				MTL_ENABLE_DEBUG_INFO = YES;
				ONLY_ACTIVE_ARCH = YES;
				SDKROOT = iphoneos;
				SWIFT_OPTIMIZATION_LEVEL = "-Onone";
			};
			name = Debug;
		};
		D5C6B05119E9FEB8004D2B52 /* Release */ = {
			isa = XCBuildConfiguration;
			buildSettings = {
				ALWAYS_SEARCH_USER_PATHS = NO;
				CLANG_CXX_LANGUAGE_STANDARD = "gnu++0x";
				CLANG_CXX_LIBRARY = "libc++";
				CLANG_ENABLE_MODULES = YES;
				CLANG_ENABLE_OBJC_ARC = YES;
				CLANG_WARN_BOOL_CONVERSION = YES;
				CLANG_WARN_CONSTANT_CONVERSION = YES;
				CLANG_WARN_DIRECT_OBJC_ISA_USAGE = YES_ERROR;
				CLANG_WARN_EMPTY_BODY = YES;
				CLANG_WARN_ENUM_CONVERSION = YES;
				CLANG_WARN_INT_CONVERSION = YES;
				CLANG_WARN_OBJC_ROOT_CLASS = YES_ERROR;
				CLANG_WARN_UNREACHABLE_CODE = YES;
				CLANG_WARN__DUPLICATE_METHOD_MATCH = YES;
				"CODE_SIGN_IDENTITY[sdk=iphoneos*]" = "iPhone Developer";
				COPY_PHASE_STRIP = YES;
				ENABLE_NS_ASSERTIONS = NO;
				ENABLE_STRICT_OBJC_MSGSEND = YES;
				GCC_C_LANGUAGE_STANDARD = gnu99;
				GCC_WARN_64_TO_32_BIT_CONVERSION = YES;
				GCC_WARN_ABOUT_RETURN_TYPE = YES_ERROR;
				GCC_WARN_UNDECLARED_SELECTOR = YES;
				GCC_WARN_UNINITIALIZED_AUTOS = YES_AGGRESSIVE;
				GCC_WARN_UNUSED_FUNCTION = YES;
				GCC_WARN_UNUSED_VARIABLE = YES;
				IPHONEOS_DEPLOYMENT_TARGET = 8.0;
				MTL_ENABLE_DEBUG_INFO = NO;
				SDKROOT = iphoneos;
				VALIDATE_PRODUCT = YES;
			};
			name = Release;
		};
		D5C6B05319E9FEB8004D2B52 /* Debug */ = {
			isa = XCBuildConfiguration;
			buildSettings = {
				ASSETCATALOG_COMPILER_APPICON_NAME = AppIcon;
				INFOPLIST_FILE = TumblrSwift/Info.plist;
				LD_RUNPATH_SEARCH_PATHS = "$(inherited) @executable_path/Frameworks";
				PRODUCT_NAME = "$(TARGET_NAME)";
			};
			name = Debug;
		};
		D5C6B05419E9FEB8004D2B52 /* Release */ = {
			isa = XCBuildConfiguration;
			buildSettings = {
				ASSETCATALOG_COMPILER_APPICON_NAME = AppIcon;
				INFOPLIST_FILE = TumblrSwift/Info.plist;
				LD_RUNPATH_SEARCH_PATHS = "$(inherited) @executable_path/Frameworks";
				PRODUCT_NAME = "$(TARGET_NAME)";
			};
			name = Release;
		};
		D5C6B05619E9FEB8004D2B52 /* Debug */ = {
			isa = XCBuildConfiguration;
			buildSettings = {
				BUNDLE_LOADER = "$(TEST_HOST)";
				FRAMEWORK_SEARCH_PATHS = (
					"$(SDKROOT)/Developer/Library/Frameworks",
					"$(inherited)",
				);
				GCC_PREPROCESSOR_DEFINITIONS = (
					"DEBUG=1",
					"$(inherited)",
				);
				INFOPLIST_FILE = TumblrSwiftTests/Info.plist;
				LD_RUNPATH_SEARCH_PATHS = "$(inherited) @executable_path/Frameworks @loader_path/Frameworks";
				PRODUCT_NAME = "$(TARGET_NAME)";
				TEST_HOST = "$(BUILT_PRODUCTS_DIR)/TumblrSwift.app/TumblrSwift";
			};
			name = Debug;
		};
		D5C6B05719E9FEB8004D2B52 /* Release */ = {
			isa = XCBuildConfiguration;
			buildSettings = {
				BUNDLE_LOADER = "$(TEST_HOST)";
				FRAMEWORK_SEARCH_PATHS = (
					"$(SDKROOT)/Developer/Library/Frameworks",
					"$(inherited)",
				);
				INFOPLIST_FILE = TumblrSwiftTests/Info.plist;
				LD_RUNPATH_SEARCH_PATHS = "$(inherited) @executable_path/Frameworks @loader_path/Frameworks";
				PRODUCT_NAME = "$(TARGET_NAME)";
				TEST_HOST = "$(BUILT_PRODUCTS_DIR)/TumblrSwift.app/TumblrSwift";
			};
			name = Release;
		};
/* End XCBuildConfiguration section */

/* Begin XCConfigurationList section */
		D5C6B02E19E9FEB8004D2B52 /* Build configuration list for PBXProject "TumblrSwift" */ = {
			isa = XCConfigurationList;
			buildConfigurations = (
				D5C6B05019E9FEB8004D2B52 /* Debug */,
				D5C6B05119E9FEB8004D2B52 /* Release */,
			);
			defaultConfigurationIsVisible = 0;
			defaultConfigurationName = Release;
		};
		D5C6B05219E9FEB8004D2B52 /* Build configuration list for PBXNativeTarget "TumblrSwift" */ = {
			isa = XCConfigurationList;
			buildConfigurations = (
				D5C6B05319E9FEB8004D2B52 /* Debug */,
				D5C6B05419E9FEB8004D2B52 /* Release */,
			);
			defaultConfigurationIsVisible = 0;
		};
		D5C6B05519E9FEB8004D2B52 /* Build configuration list for PBXNativeTarget "TumblrSwiftTests" */ = {
			isa = XCConfigurationList;
			buildConfigurations = (
				D5C6B05619E9FEB8004D2B52 /* Debug */,
				D5C6B05719E9FEB8004D2B52 /* Release */,
			);
			defaultConfigurationIsVisible = 0;
		};
/* End XCConfigurationList section */
	};
	rootObject = D5C6B02B19E9FEB8004D2B52 /* Project object */;
}
